
Microsoft Visual Studio Solution File, Format Version 12.00
# Visual Studio Version 17
VisualStudioVersion = 17.5.002.0
MinimumVisualStudioVersion = 10.0.40219.1
Project("{2150E333-8FDC-42A3-9474-1A3956D46DE8}") = "week01", "week01", "{591716B2-CCEC-4C2E-8E10-870A94298BC2}"
EndProject
Project("{9A19103F-16F7-4668-BE54-9A1E7A4F7556}") = "code", "week01\code\code.csproj", "{D186E693-871F-4C96-9AD3-52F4D6F315C9}"
EndProject
Project("{9A19103F-16F7-4668-BE54-9A1E7A4F7556}") = "analyze", "week01\analyze\analyze.csproj", "{FD904911-DEEF-41F9-A635-B436EAB1ED00}"
EndProject
Project("{9A19103F-16F7-4668-BE54-9A1E7A4F7556}") = "teach", "week01\teach\teach.csproj", "{79C10C62-A231-4222-9F6E-4840D8542A13}"
EndProject
Project("{2150E333-8FDC-42A3-9474-1A3956D46DE8}") = "week06", "week06", "{3FC91EBD-3E77-4F94-AD28-D64DA6D6687F}"
EndProject
Project("{9A19103F-16F7-4668-BE54-9A1E7A4F7556}") = "code", "week06\code\code.csproj", "{0F2B2AFD-24C6-4A7D-ACBE-BC24EB385208}"
EndProject
Project("{2150E333-8FDC-42A3-9474-1A3956D46DE8}") = "sandbox", "sandbox", "{8B12C1A1-B9C8-451F-BA3B-CA0A3D9F022F}"
EndProject
Project("{9A19103F-16F7-4668-BE54-9A1E7A4F7556}") = "sandbox_project", "sandbox\sandbox_project\sandbox_project.csproj", "{5218DA0D-87F7-4D21-84B2-8B61876B907D}"
EndProject
Project("{2150E333-8FDC-42A3-9474-1A3956D46DE8}") = "week05", "week05", "{AAE2BEA1-0595-4461-926E-ABB43194DE78}"
EndProject
Project("{9A19103F-16F7-4668-BE54-9A1E7A4F7556}") = "code", "week05\code\code.csproj", "{FF6B3B14-92B2-4135-A1BF-E28F9669EB28}"
EndProject
Project("{2150E333-8FDC-42A3-9474-1A3956D46DE8}") = "week02", "week02", "{7D62A705-C9EC-41E6-9244-64B12C674478}"
EndProject
Project("{9A19103F-16F7-4668-BE54-9A1E7A4F7556}") = "learn", "week02\learn\learn.csproj", "{E9A3C272-82A4-49DD-A2BD-68BE8B5DF7E7}"
EndProject
Project("{9A19103F-16F7-4668-BE54-9A1E7A4F7556}") = "code", "week02\code\code.csproj", "{ADA351FF-B57A-4208-8A72-A729BC817D25}"
EndProject
Project("{9A19103F-16F7-4668-BE54-9A1E7A4F7556}") = "analyze", "week02\analyze\analyze.csproj", "{4DEA504C-5599-4990-9866-5286349AED78}"
EndProject
Project("{9A19103F-16F7-4668-BE54-9A1E7A4F7556}") = "teach", "week02\teach\teach.csproj", "{9D4AEBA6-6398-4C97-B154-AFEFAA7C0A7C}"
EndProject
Project("{2150E333-8FDC-42A3-9474-1A3956D46DE8}") = "week03", "week03", "{565D1697-3177-4ABD-B135-A154AECD924D}"
EndProject
Project("{9A19103F-16F7-4668-BE54-9A1E7A4F7556}") = "learn", "week03\learn\learn.csproj", "{B18FDC71-97A7-4F0A-8765-1DD4E92E5972}"
EndProject
Project("{9A19103F-16F7-4668-BE54-9A1E7A4F7556}") = "code", "week03\code\code.csproj", "{C56F6A30-F545-42C5-840E-A9B77F3AEFAE}"
EndProject
Project("{9A19103F-16F7-4668-BE54-9A1E7A4F7556}") = "teach", "week03\teach\teach.csproj", "{57AD6EE8-E570-412F-9F7B-C02047F7DD4D}"
EndProject
Project("{2150E333-8FDC-42A3-9474-1A3956D46DE8}") = "week04", "week04", "{2208B85D-FC20-44F4-97ED-8608F8B26AF3}"
EndProject
Project("{9A19103F-16F7-4668-BE54-9A1E7A4F7556}") = "code", "week04\code\code.csproj", "{71BE7CC6-F4DA-41EB-9DF1-6A7AB6E996FF}"
EndProject
Global
	GlobalSection(SolutionConfigurationPlatforms) = preSolution
		Debug|Any CPU = Debug|Any CPU
		Release|Any CPU = Release|Any CPU
	EndGlobalSection
	GlobalSection(ProjectConfigurationPlatforms) = postSolution
		{D186E693-871F-4C96-9AD3-52F4D6F315C9}.Debug|Any CPU.ActiveCfg = Debug|Any CPU
		{D186E693-871F-4C96-9AD3-52F4D6F315C9}.Debug|Any CPU.Build.0 = Debug|Any CPU
		{D186E693-871F-4C96-9AD3-52F4D6F315C9}.Release|Any CPU.ActiveCfg = Release|Any CPU
		{D186E693-871F-4C96-9AD3-52F4D6F315C9}.Release|Any CPU.Build.0 = Release|Any CPU
		{FD904911-DEEF-41F9-A635-B436EAB1ED00}.Debug|Any CPU.ActiveCfg = Debug|Any CPU
		{FD904911-DEEF-41F9-A635-B436EAB1ED00}.Debug|Any CPU.Build.0 = Debug|Any CPU
		{FD904911-DEEF-41F9-A635-B436EAB1ED00}.Release|Any CPU.ActiveCfg = Release|Any CPU
		{FD904911-DEEF-41F9-A635-B436EAB1ED00}.Release|Any CPU.Build.0 = Release|Any CPU
		{79C10C62-A231-4222-9F6E-4840D8542A13}.Debug|Any CPU.ActiveCfg = Debug|Any CPU
		{79C10C62-A231-4222-9F6E-4840D8542A13}.Debug|Any CPU.Build.0 = Debug|Any CPU
		{79C10C62-A231-4222-9F6E-4840D8542A13}.Release|Any CPU.ActiveCfg = Release|Any CPU
		{79C10C62-A231-4222-9F6E-4840D8542A13}.Release|Any CPU.Build.0 = Release|Any CPU
		{0F2B2AFD-24C6-4A7D-ACBE-BC24EB385208}.Debug|Any CPU.ActiveCfg = Debug|Any CPU
		{0F2B2AFD-24C6-4A7D-ACBE-BC24EB385208}.Debug|Any CPU.Build.0 = Debug|Any CPU
		{0F2B2AFD-24C6-4A7D-ACBE-BC24EB385208}.Release|Any CPU.ActiveCfg = Release|Any CPU
		{0F2B2AFD-24C6-4A7D-ACBE-BC24EB385208}.Release|Any CPU.Build.0 = Release|Any CPU
		{5218DA0D-87F7-4D21-84B2-8B61876B907D}.Debug|Any CPU.ActiveCfg = Debug|Any CPU
		{5218DA0D-87F7-4D21-84B2-8B61876B907D}.Debug|Any CPU.Build.0 = Debug|Any CPU
		{5218DA0D-87F7-4D21-84B2-8B61876B907D}.Release|Any CPU.ActiveCfg = Release|Any CPU
		{5218DA0D-87F7-4D21-84B2-8B61876B907D}.Release|Any CPU.Build.0 = Release|Any CPU
		{FF6B3B14-92B2-4135-A1BF-E28F9669EB28}.Debug|Any CPU.ActiveCfg = Debug|Any CPU
		{FF6B3B14-92B2-4135-A1BF-E28F9669EB28}.Debug|Any CPU.Build.0 = Debug|Any CPU
		{FF6B3B14-92B2-4135-A1BF-E28F9669EB28}.Release|Any CPU.ActiveCfg = Release|Any CPU
		{FF6B3B14-92B2-4135-A1BF-E28F9669EB28}.Release|Any CPU.Build.0 = Release|Any CPU
		{E9A3C272-82A4-49DD-A2BD-68BE8B5DF7E7}.Debug|Any CPU.ActiveCfg = Debug|Any CPU
		{E9A3C272-82A4-49DD-A2BD-68BE8B5DF7E7}.Debug|Any CPU.Build.0 = Debug|Any CPU
		{E9A3C272-82A4-49DD-A2BD-68BE8B5DF7E7}.Release|Any CPU.ActiveCfg = Release|Any CPU
		{E9A3C272-82A4-49DD-A2BD-68BE8B5DF7E7}.Release|Any CPU.Build.0 = Release|Any CPU
		{ADA351FF-B57A-4208-8A72-A729BC817D25}.Debug|Any CPU.ActiveCfg = Debug|Any CPU
		{ADA351FF-B57A-4208-8A72-A729BC817D25}.Debug|Any CPU.Build.0 = Debug|Any CPU
		{ADA351FF-B57A-4208-8A72-A729BC817D25}.Release|Any CPU.ActiveCfg = Release|Any CPU
		{ADA351FF-B57A-4208-8A72-A729BC817D25}.Release|Any CPU.Build.0 = Release|Any CPU
		{4DEA504C-5599-4990-9866-5286349AED78}.Debug|Any CPU.ActiveCfg = Debug|Any CPU
		{4DEA504C-5599-4990-9866-5286349AED78}.Debug|Any CPU.Build.0 = Debug|Any CPU
		{4DEA504C-5599-4990-9866-5286349AED78}.Release|Any CPU.ActiveCfg = Release|Any CPU
		{4DEA504C-5599-4990-9866-5286349AED78}.Release|Any CPU.Build.0 = Release|Any CPU
		{9D4AEBA6-6398-4C97-B154-AFEFAA7C0A7C}.Debug|Any CPU.ActiveCfg = Debug|Any CPU
		{9D4AEBA6-6398-4C97-B154-AFEFAA7C0A7C}.Debug|Any CPU.Build.0 = Debug|Any CPU
		{9D4AEBA6-6398-4C97-B154-AFEFAA7C0A7C}.Release|Any CPU.ActiveCfg = Release|Any CPU
		{9D4AEBA6-6398-4C97-B154-AFEFAA7C0A7C}.Release|Any CPU.Build.0 = Release|Any CPU
		{B18FDC71-97A7-4F0A-8765-1DD4E92E5972}.Debug|Any CPU.ActiveCfg = Debug|Any CPU
		{B18FDC71-97A7-4F0A-8765-1DD4E92E5972}.Debug|Any CPU.Build.0 = Debug|Any CPU
		{B18FDC71-97A7-4F0A-8765-1DD4E92E5972}.Release|Any CPU.ActiveCfg = Release|Any CPU
		{B18FDC71-97A7-4F0A-8765-1DD4E92E5972}.Release|Any CPU.Build.0 = Release|Any CPU
		{C56F6A30-F545-42C5-840E-A9B77F3AEFAE}.Debug|Any CPU.ActiveCfg = Debug|Any CPU
		{C56F6A30-F545-42C5-840E-A9B77F3AEFAE}.Debug|Any CPU.Build.0 = Debug|Any CPU
		{C56F6A30-F545-42C5-840E-A9B77F3AEFAE}.Release|Any CPU.ActiveCfg = Release|Any CPU
		{C56F6A30-F545-42C5-840E-A9B77F3AEFAE}.Release|Any CPU.Build.0 = Release|Any CPU
		{57AD6EE8-E570-412F-9F7B-C02047F7DD4D}.Debug|Any CPU.ActiveCfg = Debug|Any CPU
		{57AD6EE8-E570-412F-9F7B-C02047F7DD4D}.Debug|Any CPU.Build.0 = Debug|Any CPU
		{57AD6EE8-E570-412F-9F7B-C02047F7DD4D}.Release|Any CPU.ActiveCfg = Release|Any CPU
		{57AD6EE8-E570-412F-9F7B-C02047F7DD4D}.Release|Any CPU.Build.0 = Release|Any CPU
		{71BE7CC6-F4DA-41EB-9DF1-6A7AB6E996FF}.Debug|Any CPU.ActiveCfg = Debug|Any CPU
		{71BE7CC6-F4DA-41EB-9DF1-6A7AB6E996FF}.Debug|Any CPU.Build.0 = Debug|Any CPU
		{71BE7CC6-F4DA-41EB-9DF1-6A7AB6E996FF}.Release|Any CPU.ActiveCfg = Release|Any CPU
		{71BE7CC6-F4DA-41EB-9DF1-6A7AB6E996FF}.Release|Any CPU.Build.0 = Release|Any CPU
	EndGlobalSection
	GlobalSection(SolutionProperties) = preSolution
		HideSolutionNode = FALSE
	EndGlobalSection
	GlobalSection(NestedProjects) = preSolution
		{D186E693-871F-4C96-9AD3-52F4D6F315C9} = {591716B2-CCEC-4C2E-8E10-870A94298BC2}
		{FD904911-DEEF-41F9-A635-B436EAB1ED00} = {591716B2-CCEC-4C2E-8E10-870A94298BC2}
		{79C10C62-A231-4222-9F6E-4840D8542A13} = {591716B2-CCEC-4C2E-8E10-870A94298BC2}
		{0F2B2AFD-24C6-4A7D-ACBE-BC24EB385208} = {3FC91EBD-3E77-4F94-AD28-D64DA6D6687F}
		{5218DA0D-87F7-4D21-84B2-8B61876B907D} = {8B12C1A1-B9C8-451F-BA3B-CA0A3D9F022F}
		{FF6B3B14-92B2-4135-A1BF-E28F9669EB28} = {AAE2BEA1-0595-4461-926E-ABB43194DE78}
		{E9A3C272-82A4-49DD-A2BD-68BE8B5DF7E7} = {7D62A705-C9EC-41E6-9244-64B12C674478}
		{ADA351FF-B57A-4208-8A72-A729BC817D25} = {7D62A705-C9EC-41E6-9244-64B12C674478}
		{4DEA504C-5599-4990-9866-5286349AED78} = {7D62A705-C9EC-41E6-9244-64B12C674478}
		{9D4AEBA6-6398-4C97-B154-AFEFAA7C0A7C} = {7D62A705-C9EC-41E6-9244-64B12C674478}
		{B18FDC71-97A7-4F0A-8765-1DD4E92E5972} = {565D1697-3177-4ABD-B135-A154AECD924D}
		{C56F6A30-F545-42C5-840E-A9B77F3AEFAE} = {565D1697-3177-4ABD-B135-A154AECD924D}
		{57AD6EE8-E570-412F-9F7B-C02047F7DD4D} = {565D1697-3177-4ABD-B135-A154AECD924D}
		{71BE7CC6-F4DA-41EB-9DF1-6A7AB6E996FF} = {2208B85D-FC20-44F4-97ED-8608F8B26AF3}
	EndGlobalSection
	GlobalSection(ExtensibilityGlobals) = postSolution
		SolutionGuid = {98572B67-8ECB-490B-A288-48617F0AF305}
	EndGlobalSection
EndGlobal
